
Microsoft Visual Studio Solution File, Format Version 12.00
# Visual Studio Version 17
VisualStudioVersion = 17.8.34525.116
MinimumVisualStudioVersion = 10.0.40219.1
Project("{FAE04EC0-301F-11D3-BF4B-00C04F79EFBC}") = "GraphLabs", "GraphLabs\GraphLabs.csproj", "{EDD45B01-A157-4819-AFDB-F5460A9038F3}"
EndProject
Global
	GlobalSection(SolutionConfigurationPlatforms) = preSolution
		Debug|Any CPU = Debug|Any CPU
		Release|Any CPU = Release|Any CPU
	EndGlobalSection
	GlobalSection(ProjectConfigurationPlatforms) = postSolution
		{EDD45B01-A157-4819-AFDB-F5460A9038F3}.Debug|Any CPU.ActiveCfg = Debug|Any CPU
		{EDD45B01-A157-4819-AFDB-F5460A9038F3}.Debug|Any CPU.Build.0 = Debug|Any CPU
		{EDD45B01-A157-4819-AFDB-F5460A9038F3}.Release|Any CPU.ActiveCfg = Release|Any CPU
		{EDD45B01-A157-4819-AFDB-F5460A9038F3}.Release|Any CPU.Build.0 = Release|Any CPU
	EndGlobalSection
	GlobalSection(SolutionProperties) = preSolution
		HideSolutionNode = FALSE
	EndGlobalSection
	GlobalSection(ExtensibilityGlobals) = postSolution
		SolutionGuid = {23603063-22A1-4B93-8DD7-76F558315DEA}
	EndGlobalSection
EndGlobal
