
Microsoft Visual Studio Solution File, Format Version 12.00
# Visual Studio Version 17
VisualStudioVersion = 17.8.34525.116
MinimumVisualStudioVersion = 10.0.40219.1
Project("{FAE04EC0-301F-11D3-BF4B-00C04F79EFBC}") = "MatrixMultiplication", "MatrixMultiplication\MatrixMultiplication.csproj", "{717892DF-8E3D-4E8C-85ED-DD24C416BDAC}"
EndProject
Global
	GlobalSection(SolutionConfigurationPlatforms) = preSolution
		Debug|Any CPU = Debug|Any CPU
		Release|Any CPU = Release|Any CPU
	EndGlobalSection
	GlobalSection(ProjectConfigurationPlatforms) = postSolution
		{717892DF-8E3D-4E8C-85ED-DD24C416BDAC}.Debug|Any CPU.ActiveCfg = Debug|Any CPU
		{717892DF-8E3D-4E8C-85ED-DD24C416BDAC}.Debug|Any CPU.Build.0 = Debug|Any CPU
		{717892DF-8E3D-4E8C-85ED-DD24C416BDAC}.Release|Any CPU.ActiveCfg = Release|Any CPU
		{717892DF-8E3D-4E8C-85ED-DD24C416BDAC}.Release|Any CPU.Build.0 = Release|Any CPU
	EndGlobalSection
	GlobalSection(SolutionProperties) = preSolution
		HideSolutionNode = FALSE
	EndGlobalSection
	GlobalSection(ExtensibilityGlobals) = postSolution
		SolutionGuid = {8E7C9F11-3C14-414C-B3FF-6FCBEAEA4ED9}
	EndGlobalSection
EndGlobal
